
Microsoft Visual Studio Solution File, Format Version 12.00
# Visual Studio Version 17
VisualStudioVersion = 17.2.32526.322
MinimumVisualStudioVersion = 10.0.40219.1
Project("{FAE04EC0-301F-11D3-BF4B-00C04F79EFBC}") = "CSharp13", "CSharp13\CSharp13.csproj", "{99665CE6-7562-43E4-A1B0-AADA17054DD8}"
EndProject
Global
	GlobalSection(SolutionConfigurationPlatforms) = preSolution
		Debug|Any CPU = Debug|Any CPU
		Release|Any CPU = Release|Any CPU
	EndGlobalSection
	GlobalSection(ProjectConfigurationPlatforms) = postSolution
		{99665CE6-7562-43E4-A1B0-AADA17054DD8}.Debug|Any CPU.ActiveCfg = Debug|Any CPU
		{99665CE6-7562-43E4-A1B0-AADA17054DD8}.Debug|Any CPU.Build.0 = Debug|Any CPU
		{99665CE6-7562-43E4-A1B0-AADA17054DD8}.Release|Any CPU.ActiveCfg = Release|Any CPU
		{99665CE6-7562-43E4-A1B0-AADA17054DD8}.Release|Any CPU.Build.0 = Release|Any CPU
	EndGlobalSection
	GlobalSection(SolutionProperties) = preSolution
		HideSolutionNode = FALSE
	EndGlobalSection
	GlobalSection(ExtensibilityGlobals) = postSolution
		SolutionGuid = {EE79866B-A658-4AF4-B09E-6E87880A8B09}
	EndGlobalSection
EndGlobal
